
Microsoft Visual Studio Solution File, Format Version 12.00
# Visual Studio Version 16
VisualStudioVersion = 16.0.29728.190
MinimumVisualStudioVersion = 10.0.40219.1
Project("{FAE04EC0-301F-11D3-BF4B-00C04F79EFBC}") = "Minesweeper", "Minesweeper\Minesweeper.csproj", "{17845B22-4C9E-4378-96C3-D0905A9EBBE9}"
EndProject
Project("{FAE04EC0-301F-11D3-BF4B-00C04F79EFBC}") = "GameLogic", "GameLogic\GameLogic.csproj", "{CA412102-B675-484F-9FEB-B55BC674DECD}"
EndProject
Project("{FAE04EC0-301F-11D3-BF4B-00C04F79EFBC}") = "UnitTest", "UnitTest\UnitTest.csproj", "{B91B61D3-1613-4B2E-958E-6DF8E49410F4}"
EndProject
Global
	GlobalSection(SolutionConfigurationPlatforms) = preSolution
		Debug|Any CPU = Debug|Any CPU
		Release|Any CPU = Release|Any CPU
	EndGlobalSection
	GlobalSection(ProjectConfigurationPlatforms) = postSolution
		{17845B22-4C9E-4378-96C3-D0905A9EBBE9}.Debug|Any CPU.ActiveCfg = Debug|Any CPU
		{17845B22-4C9E-4378-96C3-D0905A9EBBE9}.Debug|Any CPU.Build.0 = Debug|Any CPU
		{17845B22-4C9E-4378-96C3-D0905A9EBBE9}.Release|Any CPU.ActiveCfg = Release|Any CPU
		{17845B22-4C9E-4378-96C3-D0905A9EBBE9}.Release|Any CPU.Build.0 = Release|Any CPU
		{CA412102-B675-484F-9FEB-B55BC674DECD}.Debug|Any CPU.ActiveCfg = Debug|Any CPU
		{CA412102-B675-484F-9FEB-B55BC674DECD}.Debug|Any CPU.Build.0 = Debug|Any CPU
		{CA412102-B675-484F-9FEB-B55BC674DECD}.Release|Any CPU.ActiveCfg = Release|Any CPU
		{CA412102-B675-484F-9FEB-B55BC674DECD}.Release|Any CPU.Build.0 = Release|Any CPU
		{B91B61D3-1613-4B2E-958E-6DF8E49410F4}.Debug|Any CPU.ActiveCfg = Debug|Any CPU
		{B91B61D3-1613-4B2E-958E-6DF8E49410F4}.Debug|Any CPU.Build.0 = Debug|Any CPU
		{B91B61D3-1613-4B2E-958E-6DF8E49410F4}.Release|Any CPU.ActiveCfg = Release|Any CPU
		{B91B61D3-1613-4B2E-958E-6DF8E49410F4}.Release|Any CPU.Build.0 = Release|Any CPU
	EndGlobalSection
	GlobalSection(SolutionProperties) = preSolution
		HideSolutionNode = FALSE
	EndGlobalSection
	GlobalSection(ExtensibilityGlobals) = postSolution
		SolutionGuid = {24057575-C864-4809-A455-ED9D0686C322}
	EndGlobalSection
EndGlobal
